
Microsoft Visual Studio Solution File, Format Version 12.00
# Visual Studio Version 17
VisualStudioVersion = 17.1.32210.238
MinimumVisualStudioVersion = 10.0.40219.1
Project("{FAE04EC0-301F-11D3-BF4B-00C04F79EFBC}") = "PracticeRedis", "PracticeRedis\PracticeRedis.csproj", "{45F0BF2B-462C-44CF-A111-8303B917EBDE}"
EndProject
Global
	GlobalSection(SolutionConfigurationPlatforms) = preSolution
		Debug|Any CPU = Debug|Any CPU
		Release|Any CPU = Release|Any CPU
	EndGlobalSection
	GlobalSection(ProjectConfigurationPlatforms) = postSolution
		{45F0BF2B-462C-44CF-A111-8303B917EBDE}.Debug|Any CPU.ActiveCfg = Debug|Any CPU
		{45F0BF2B-462C-44CF-A111-8303B917EBDE}.Debug|Any CPU.Build.0 = Debug|Any CPU
		{45F0BF2B-462C-44CF-A111-8303B917EBDE}.Release|Any CPU.ActiveCfg = Release|Any CPU
		{45F0BF2B-462C-44CF-A111-8303B917EBDE}.Release|Any CPU.Build.0 = Release|Any CPU
	EndGlobalSection
	GlobalSection(SolutionProperties) = preSolution
		HideSolutionNode = FALSE
	EndGlobalSection
	GlobalSection(ExtensibilityGlobals) = postSolution
		SolutionGuid = {AAAD1F6C-E554-4836-9856-219CBF00AA24}
	EndGlobalSection
EndGlobal
